// !$*UTF8*$!
{
	archiveVersion = 1;
	classes = {
	};
	objectVersion = 46;
	objects = {

/* Begin PBXBuildFile section */
		9A2DB2951C10393400438412 /* main.m in Sources */ = {isa = PBXBuildFile; fileRef = 9A2DB2941C10393400438412 /* main.m */; };
		9A2DB2981C10393400438412 /* AppDelegate.m in Sources */ = {isa = PBXBuildFile; fileRef = 9A2DB2971C10393400438412 /* AppDelegate.m */; };
		9A2DB29B1C10393400438412 /* ViewController.m in Sources */ = {isa = PBXBuildFile; fileRef = 9A2DB29A1C10393400438412 /* ViewController.m */; };
		9A2DB29E1C10393400438412 /* Main.storyboard in Resources */ = {isa = PBXBuildFile; fileRef = 9A2DB29C1C10393400438412 /* Main.storyboard */; };
		9A2DB2A01C10393400438412 /* Assets.xcassets in Resources */ = {isa = PBXBuildFile; fileRef = 9A2DB29F1C10393400438412 /* Assets.xcassets */; };
		9A2DB2A31C10393400438412 /* LaunchScreen.storyboard in Resources */ = {isa = PBXBuildFile; fileRef = 9A2DB2A11C10393400438412 /* LaunchScreen.storyboard */; };
		9A2DB2AC1C15875100438412 /* maru.gif in Resources */ = {isa = PBXBuildFile; fileRef = 9A2DB2AA1C15875100438412 /* maru.gif */; };
		9A2DB2AD1C15875100438412 /* batsu.gif in Resources */ = {isa = PBXBuildFile; fileRef = 9A2DB2AB1C15875100438412 /* batsu.gif */; };
/* End PBXBuildFile section */

/* Begin PBXFileReference section */
		9A2DB2901C10393400438412 /* QuizApp.app */ = {isa = PBXFileReference; explicitFileType = wrapper.application; includeInIndex = 0; path = QuizApp.app; sourceTree = BUILT_PRODUCTS_DIR; };
		9A2DB2941C10393400438412 /* main.m */ = {isa = PBXFileReference; lastKnownFileType = sourcecode.c.objc; path = main.m; sourceTree = "<group>"; };
		9A2DB2961C10393400438412 /* AppDelegate.h */ = {isa = PBXFileReference; lastKnownFileType = sourcecode.c.h; path = AppDelegate.h; sourceTree = "<group>"; };
		9A2DB2971C10393400438412 /* AppDelegate.m */ = {isa = PBXFileReference; lastKnownFileType = sourcecode.c.objc; path = AppDelegate.m; sourceTree = "<group>"; };
		9A2DB2991C10393400438412 /* ViewController.h */ = {isa = PBXFileReference; lastKnownFileType = sourcecode.c.h; path = ViewController.h; sourceTree = "<group>"; };
		9A2DB29A1C10393400438412 /* ViewController.m */ = {isa = PBXFileReference; lastKnownFileType = sourcecode.c.objc; path = ViewController.m; sourceTree = "<group>"; };
		9A2DB29D1C10393400438412 /* Base */ = {isa = PBXFileReference; lastKnownFileType = file.storyboard; name = Base; path = Base.lproj/Main.storyboard; sourceTree = "<group>"; };
		9A2DB29F1C10393400438412 /* Assets.xcassets */ = {isa = PBXFileReference; lastKnownFileType = folder.assetcatalog; path = Assets.xcassets; sourceTree = "<group>"; };
		9A2DB2A21C10393400438412 /* Base */ = {isa = PBXFileReference; lastKnownFileType = file.storyboard; name = Base; path = Base.lproj/LaunchScreen.storyboard; sourceTree = "<group>"; };
		9A2DB2A41C10393400438412 /* Info.plist */ = {isa = PBXFileReference; lastKnownFileType = text.plist.xml; path = Info.plist; sourceTree = "<group>"; };
		9A2DB2AA1C15875100438412 /* maru.gif */ = {isa = PBXFileReference; lastKnownFileType = image.gif; path = maru.gif; sourceTree = "<group>"; };
		9A2DB2AB1C15875100438412 /* batsu.gif */ = {isa = PBXFileReference; lastKnownFileType = image.gif; path = batsu.gif; sourceTree = "<group>"; };
/* End PBXFileReference section */

/* Begin PBXFrameworksBuildPhase section */
		9A2DB28D1C10393400438412 /* Frameworks */ = {
			isa = PBXFrameworksBuildPhase;
			buildActionMask = 2147483647;
			files = (
			);
			runOnlyForDeploymentPostprocessing = 0;
		};
/* End PBXFrameworksBuildPhase section */

/* Begin PBXGroup section */
		9A2DB2871C10393400438412 = {
			isa = PBXGroup;
			children = (
				9A2DB2921C10393400438412 /* QuizApp */,
				9A2DB2911C10393400438412 /* Products */,
			);
			sourceTree = "<group>";
		};
		9A2DB2911C10393400438412 /* Products */ = {
			isa = PBXGroup;
			children = (
				9A2DB2901C10393400438412 /* QuizApp.app */,
			);
			name = Products;
			sourceTree = "<group>";
		};
		9A2DB2921C10393400438412 /* QuizApp */ = {
			isa = PBXGroup;
			children = (
				9A2DB2961C10393400438412 /* AppDelegate.h */,
				9A2DB2971C10393400438412 /* AppDelegate.m */,
				9A2DB2991C10393400438412 /* ViewController.h */,
				9A2DB29A1C10393400438412 /* ViewController.m */,
				9A2DB29C1C10393400438412 /* Main.storyboard */,
				9A2DB29F1C10393400438412 /* Assets.xcassets */,
				9A2DB2A11C10393400438412 /* LaunchScreen.storyboard */,
				9A2DB2A41C10393400438412 /* Info.plist */,
				9A2DB2931C10393400438412 /* Supporting Files */,
			);
			path = QuizApp;
			sourceTree = "<group>";
		};
		9A2DB2931C10393400438412 /* Supporting Files */ = {
			isa = PBXGroup;
			children = (
				9A2DB2AA1C15875100438412 /* maru.gif */,
				9A2DB2AB1C15875100438412 /* batsu.gif */,
				9A2DB2941C10393400438412 /* main.m */,
			);
			name = "Supporting Files";
			sourceTree = "<group>";
		};
/* End PBXGroup section */

/* Begin PBXNativeTarget section */
		9A2DB28F1C10393400438412 /* QuizApp */ = {
			isa = PBXNativeTarget;
			buildConfigurationList = 9A2DB2A71C10393400438412 /* Build configuration list for PBXNativeTarget "QuizApp" */;
			buildPhases = (
				9A2DB28C1C10393400438412 /* Sources */,
				9A2DB28D1C10393400438412 /* Frameworks */,
				9A2DB28E1C10393400438412 /* Resources */,
			);
			buildRules = (
			);
			dependencies = (
			);
			name = QuizApp;
			productName = QuizApp;
			productReference = 9A2DB2901C10393400438412 /* QuizApp.app */;
			productType = "com.apple.product-type.application";
		};
/* End PBXNativeTarget section */

/* Begin PBXProject section */
		9A2DB2881C10393400438412 /* Project object */ = {
			isa = PBXProject;
			attributes = {
				LastUpgradeCheck = 0710;
				ORGANIZATIONNAME = noriaki.sakai;
				TargetAttributes = {
					9A2DB28F1C10393400438412 = {
						CreatedOnToolsVersion = 7.1.1;
					};
				};
			};
			buildConfigurationList = 9A2DB28B1C10393400438412 /* Build configuration list for PBXProject "QuizApp" */;
			compatibilityVersion = "Xcode 3.2";
			developmentRegion = English;
			hasScannedForEncodings = 0;
			knownRegions = (
				en,
				Base,
			);
			mainGroup = 9A2DB2871C10393400438412;
			productRefGroup = 9A2DB2911C10393400438412 /* Products */;
			projectDirPath = "";
			projectRoot = "";
			targets = (
				9A2DB28F1C10393400438412 /* QuizApp */,
			);
		};
/* End PBXProject section */

/* Begin PBXResourcesBuildPhase section */
		9A2DB28E1C10393400438412 /* Resources */ = {
			isa = PBXResourcesBuildPhase;
			buildActionMask = 2147483647;
			files = (
				9A2DB2A31C10393400438412 /* LaunchScreen.storyboard in Resources */,
				9A2DB2AC1C15875100438412 /* maru.gif in Resources */,
				9A2DB2A01C10393400438412 /* Assets.xcassets in Resources */,
				9A2DB29E1C10393400438412 /* Main.storyboard in Resources */,
				9A2DB2AD1C15875100438412 /* batsu.gif in Resources */,
			);
			runOnlyForDeploymentPostprocessing = 0;
		};
/* End PBXResourcesBuildPhase section */

/* Begin PBXSourcesBuildPhase section */
		9A2DB28C1C10393400438412 /* Sources */ = {
			isa = PBXSourcesBuildPhase;
			buildActionMask = 2147483647;
			files = (
				9A2DB29B1C10393400438412 /* ViewController.m in Sources */,
				9A2DB2981C10393400438412 /* AppDelegate.m in Sources */,
				9A2DB2951C10393400438412 /* main.m in Sources */,
			);
			runOnlyForDeploymentPostprocessing = 0;
		};
/* End PBXSourcesBuildPhase section */

/* Begin PBXVariantGroup section */
		9A2DB29C1C10393400438412 /* Main.storyboard */ = {
			isa = PBXVariantGroup;
			children = (
				9A2DB29D1C10393400438412 /* Base */,
			);
			name = Main.storyboard;
			sourceTree = "<group>";
		};
		9A2DB2A11C10393400438412 /* LaunchScreen.storyboard */ = {
			isa = PBXVariantGroup;
			children = (
				9A2DB2A21C10393400438412 /* Base */,
			);
			name = LaunchScreen.storyboard;
			sourceTree = "<group>";
		};
/* End PBXVariantGroup section */

/* Begin XCBuildConfiguration section */
		9A2DB2A51C10393400438412 /* Debug */ = {
			isa = XCBuildConfiguration;
			buildSettings = {
				ALWAYS_SEARCH_USER_PATHS = NO;
				CLANG_CXX_LANGUAGE_STANDARD = "gnu++0x";
				CLANG_CXX_LIBRARY = "libc++";
				CLANG_ENABLE_MODULES = YES;
				CLANG_ENABLE_OBJC_ARC = YES;
				CLANG_WARN_BOOL_CONVERSION = YES;
				CLANG_WARN_CONSTANT_CONVERSION = YES;
				CLANG_WARN_DIRECT_OBJC_ISA_USAGE = YES_ERROR;
				CLANG_WARN_EMPTY_BODY = YES;
				CLANG_WARN_ENUM_CONVERSION = YES;
				CLANG_WARN_INT_CONVERSION = YES;
				CLANG_WARN_OBJC_ROOT_CLASS = YES_ERROR;
				CLANG_WARN_UNREACHABLE_CODE = YES;
				CLANG_WARN__DUPLICATE_METHOD_MATCH = YES;
				"CODE_SIGN_IDENTITY[sdk=iphoneos*]" = "iPhone Developer";
				COPY_PHASE_STRIP = NO;
				DEBUG_INFORMATION_FORMAT = dwarf;
				ENABLE_STRICT_OBJC_MSGSEND = YES;
				ENABLE_TESTABILITY = YES;
				GCC_C_LANGUAGE_STANDARD = gnu99;
				GCC_DYNAMIC_NO_PIC = NO;
				GCC_NO_COMMON_BLOCKS = YES;
				GCC_OPTIMIZATION_LEVEL = 0;
				GCC_PREPROCESSOR_DEFINITIONS = (
					"DEBUG=1",
					"$(inherited)",
				);
				GCC_WARN_64_TO_32_BIT_CONVERSION = YES;
				GCC_WARN_ABOUT_RETURN_TYPE = YES_ERROR;
				GCC_WARN_UNDECLARED_SELECTOR = YES;
				GCC_WARN_UNINITIALIZED_AUTOS = YES_AGGRESSIVE;
				GCC_WARN_UNUSED_FUNCTION = YES;
				GCC_WARN_UNUSED_VARIABLE = YES;
				IPHONEOS_DEPLOYMENT_TARGET = 9.1;
				MTL_ENABLE_DEBUG_INFO = YES;
				ONLY_ACTIVE_ARCH = YES;
				SDKROOT = iphoneos;
			};
			name = Debug;
		};
		9A2DB2A61C10393400438412 /* Release */ = {
			isa = XCBuildConfiguration;
			buildSettings = {
				ALWAYS_SEARCH_USER_PATHS = NO;
				CLANG_CXX_LANGUAGE_STANDARD = "gnu++0x";
				CLANG_CXX_LIBRARY = "libc++";
				CLANG_ENABLE_MODULES = YES;
				CLANG_ENABLE_OBJC_ARC = YES;
				CLANG_WARN_BOOL_CONVERSION = YES;
				CLANG_WARN_CONSTANT_CONVERSION = YES;
				CLANG_WARN_DIRECT_OBJC_ISA_USAGE = YES_ERROR;
				CLANG_WARN_EMPTY_BODY = YES;
				CLANG_WARN_ENUM_CONVERSION = YES;
				CLANG_WARN_INT_CONVERSION = YES;
				CLANG_WARN_OBJC_ROOT_CLASS = YES_ERROR;
				CLANG_WARN_UNREACHABLE_CODE = YES;
				CLANG_WARN__DUPLICATE_METHOD_MATCH = YES;
				"CODE_SIGN_IDENTITY[sdk=iphoneos*]" = "iPhone Developer";
				COPY_PHASE_STRIP = NO;
				DEBUG_INFORMATION_FORMAT = "dwarf-with-dsym";
				ENABLE_NS_ASSERTIONS = NO;
				ENABLE_STRICT_OBJC_MSGSEND = YES;
				GCC_C_LANGUAGE_STANDARD = gnu99;
				GCC_NO_COMMON_BLOCKS = YES;
				GCC_WARN_64_TO_32_BIT_CONVERSION = YES;
				GCC_WARN_ABOUT_RETURN_TYPE = YES_ERROR;
				GCC_WARN_UNDECLARED_SELECTOR = YES;
				GCC_WARN_UNINITIALIZED_AUTOS = YES_AGGRESSIVE;
				GCC_WARN_UNUSED_FUNCTION = YES;
				GCC_WARN_UNUSED_VARIABLE = YES;
				IPHONEOS_DEPLOYMENT_TARGET = 9.1;
				MTL_ENABLE_DEBUG_INFO = NO;
				SDKROOT = iphoneos;
				VALIDATE_PRODUCT = YES;
			};
			name = Release;
		};
		9A2DB2A81C10393400438412 /* Debug */ = {
			isa = XCBuildConfiguration;
			buildSettings = {
				ASSETCATALOG_COMPILER_APPICON_NAME = AppIcon;
				INFOPLIST_FILE = QuizApp/Info.plist;
				LD_RUNPATH_SEARCH_PATHS = "$(inherited) @executable_path/Frameworks";
				PRODUCT_BUNDLE_IDENTIFIER = jp.techacademy.QuizApp;
				PRODUCT_NAME = "$(TARGET_NAME)";
			};
			name = Debug;
		};
		9A2DB2A91C10393400438412 /* Release */ = {
			isa = XCBuildConfiguration;
			buildSettings = {
				ASSETCATALOG_COMPILER_APPICON_NAME = AppIcon;
				INFOPLIST_FILE = QuizApp/Info.plist;
				LD_RUNPATH_SEARCH_PATHS = "$(inherited) @executable_path/Frameworks";
				PRODUCT_BUNDLE_IDENTIFIER = jp.techacademy.QuizApp;
				PRODUCT_NAME = "$(TARGET_NAME)";
			};
			name = Release;
		};
/* End XCBuildConfiguration section */

/* Begin XCConfigurationList section */
		9A2DB28B1C10393400438412 /* Build configuration list for PBXProject "QuizApp" */ = {
			isa = XCConfigurationList;
			buildConfigurations = (
				9A2DB2A51C10393400438412 /* Debug */,
				9A2DB2A61C10393400438412 /* Release */,
			);
			defaultConfigurationIsVisible = 0;
			defaultConfigurationName = Release;
		};
		9A2DB2A71C10393400438412 /* Build configuration list for PBXNativeTarget "QuizApp" */ = {
			isa = XCConfigurationList;
			buildConfigurations = (
				9A2DB2A81C10393400438412 /* Debug */,
				9A2DB2A91C10393400438412 /* Release */,
			);
			defaultConfigurationIsVisible = 0;
		};
/* End XCConfigurationList section */
	};
	rootObject = 9A2DB2881C10393400438412 /* Project object */;
}
